
Microsoft Visual Studio Solution File, Format Version 12.00
# Visual Studio Version 17
VisualStudioVersion = 17.9.34728.123
MinimumVisualStudioVersion = 10.0.40219.1
Project("{9A19103F-16F7-4668-BE54-9A1E7A4F7556}") = "ArtistResolver.API", "ArtistResolver.API\ArtistResolver.API.csproj", "{D19F2234-FED1-44B3-B352-8546DB38D45A}"
EndProject
Project("{9A19103F-16F7-4668-BE54-9A1E7A4F7556}") = "Tests", "Tests\Tests.csproj", "{6F128872-EBA0-46E1-876A-7EF23A60F536}"
EndProject
Global
	GlobalSection(SolutionConfigurationPlatforms) = preSolution
		Debug|Any CPU = Debug|Any CPU
		Release|Any CPU = Release|Any CPU
	EndGlobalSection
	GlobalSection(ProjectConfigurationPlatforms) = postSolution
		{D19F2234-FED1-44B3-B352-8546DB38D45A}.Debug|Any CPU.ActiveCfg = Debug|Any CPU
		{D19F2234-FED1-44B3-B352-8546DB38D45A}.Debug|Any CPU.Build.0 = Debug|Any CPU
		{D19F2234-FED1-44B3-B352-8546DB38D45A}.Release|Any CPU.ActiveCfg = Release|Any CPU
		{D19F2234-FED1-44B3-B352-8546DB38D45A}.Release|Any CPU.Build.0 = Release|Any CPU
		{6F128872-EBA0-46E1-876A-7EF23A60F536}.Debug|Any CPU.ActiveCfg = Debug|Any CPU
		{6F128872-EBA0-46E1-876A-7EF23A60F536}.Debug|Any CPU.Build.0 = Debug|Any CPU
		{6F128872-EBA0-46E1-876A-7EF23A60F536}.Release|Any CPU.ActiveCfg = Release|Any CPU
		{6F128872-EBA0-46E1-876A-7EF23A60F536}.Release|Any CPU.Build.0 = Release|Any CPU
	EndGlobalSection
	GlobalSection(SolutionProperties) = preSolution
		HideSolutionNode = FALSE
	EndGlobalSection
	GlobalSection(ExtensibilityGlobals) = postSolution
		SolutionGuid = {32F56F1A-C538-4848-978A-87A169C2AED9}
	EndGlobalSection
EndGlobal
