
Microsoft Visual Studio Solution File, Format Version 12.00
# Visual Studio Version 16
VisualStudioVersion = 16.0.30011.22
MinimumVisualStudioVersion = 10.0.40219.1
Project("{FAE04EC0-301F-11D3-BF4B-00C04F79EFBC}") = "ArtistNormalizer.API", "ArtistNormalizer.API\ArtistNormalizer.API.csproj", "{D19F2234-FED1-44B3-B352-8546DB38D45A}"
EndProject
Project("{FAE04EC0-301F-11D3-BF4B-00C04F79EFBC}") = "Tests", "Tests\Tests.csproj", "{6F128872-EBA0-46E1-876A-7EF23A60F536}"
EndProject
Global
	GlobalSection(SolutionConfigurationPlatforms) = preSolution
		Debug|Any CPU = Debug|Any CPU
		Release|Any CPU = Release|Any CPU
	EndGlobalSection
	GlobalSection(ProjectConfigurationPlatforms) = postSolution
		{D19F2234-FED1-44B3-B352-8546DB38D45A}.Debug|Any CPU.ActiveCfg = Debug|Any CPU
		{D19F2234-FED1-44B3-B352-8546DB38D45A}.Debug|Any CPU.Build.0 = Debug|Any CPU
		{D19F2234-FED1-44B3-B352-8546DB38D45A}.Release|Any CPU.ActiveCfg = Release|Any CPU
		{D19F2234-FED1-44B3-B352-8546DB38D45A}.Release|Any CPU.Build.0 = Release|Any CPU
		{6F128872-EBA0-46E1-876A-7EF23A60F536}.Debug|Any CPU.ActiveCfg = Debug|Any CPU
		{6F128872-EBA0-46E1-876A-7EF23A60F536}.Debug|Any CPU.Build.0 = Debug|Any CPU
		{6F128872-EBA0-46E1-876A-7EF23A60F536}.Release|Any CPU.ActiveCfg = Release|Any CPU
		{6F128872-EBA0-46E1-876A-7EF23A60F536}.Release|Any CPU.Build.0 = Release|Any CPU
	EndGlobalSection
	GlobalSection(SolutionProperties) = preSolution
		HideSolutionNode = FALSE
	EndGlobalSection
	GlobalSection(ExtensibilityGlobals) = postSolution
		SolutionGuid = {32F56F1A-C538-4848-978A-87A169C2AED9}
	EndGlobalSection
EndGlobal
